
Microsoft Visual Studio Solution File, Format Version 12.00
# Visual Studio Version 16
VisualStudioVersion = 16.0.29613.14
MinimumVisualStudioVersion = 10.0.40219.1
Project("{2150E333-8FDC-42A3-9474-1A3956D46DE8}") = "Dependencies", "Dependencies", "{895265F8-9AC7-4ABE-B028-8DBB0766EF29}"
EndProject
Project("{2150E333-8FDC-42A3-9474-1A3956D46DE8}") = "QA", "QA", "{623167E2-0A7B-416B-A95C-B57582E8FC81}"
EndProject
Project("{2150E333-8FDC-42A3-9474-1A3956D46DE8}") = "Tests", "Tests", "{56585FC7-B845-4812-ACB6-2AC65269DE7C}"
EndProject
Project("{FAE04EC0-301F-11D3-BF4B-00C04F79EFBC}") = "Trupanion.Test.QALib.TruDatPremiumCalculator", "..\test.QALib\Trupanion.Test.QALib.TruDatPremiumCalculator\Trupanion.Test.QALib.TruDatPremiumCalculator.csproj", "{A19151CA-5425-4436-9041-C6A10BDA31A9}"
EndProject
Project("{2150E333-8FDC-42A3-9474-1A3956D46DE8}") = "Billing", "Billing", "{047B12FA-0DF2-4560-8CC9-0A72F9FCC594}"
EndProject
Project("{FAE04EC0-301F-11D3-BF4B-00C04F79EFBC}") = "Trupanion.Billing.Adapters.Rest", "..\Billing\Trupanion.Billing.Adapters.Rest\Trupanion.Billing.Adapters.Rest.csproj", "{65259E4F-E04F-4FED-9651-5941118AD58C}"
EndProject
Project("{FAE04EC0-301F-11D3-BF4B-00C04F79EFBC}") = "Trupanion.Test.QALib.Resolvers", "..\test.QALib\Trupanion.Test.QALib.Resolvers\Trupanion.Test.QALib.Resolvers.csproj", "{45DF8E48-4C1C-4965-A81E-A5B2E4BA090C}"
EndProject
Project("{FAE04EC0-301F-11D3-BF4B-00C04F79EFBC}") = "Trupanion.Billing.Persistence", "..\Billing\Trupanion.Billing.Persistence\Trupanion.Billing.Persistence.csproj", "{32888EA3-D095-4722-A107-5CCC0640479B}"
EndProject
Project("{FAE04EC0-301F-11D3-BF4B-00C04F79EFBC}") = "Trupanion.Test.QALib.OwnerGen", "..\test.QALib\Trupanion.Test.QALib.Owner\Trupanion.Test.QALib.OwnerGen.csproj", "{495A66FA-0A69-4E20-A784-CEED0AE1249C}"
EndProject
Project("{FAE04EC0-301F-11D3-BF4B-00C04F79EFBC}") = "Trupanion.Test.QALib.NameGen", "..\test.QALib\Trupanion.Test.QALib.NameGen\Trupanion.Test.QALib.NameGen.csproj", "{48C3D0FB-A14C-42EB-A50A-89261D748921}"
EndProject
Project("{FAE04EC0-301F-11D3-BF4B-00C04F79EFBC}") = "Trupanion.Test.QALib.WebServices.Contracts", "..\test.QALib\Trupanion.Test.QALib.WebServices.Contracts\Trupanion.Test.QALib.WebServices.Contracts.csproj", "{ECE50120-2DB4-47E9-8478-4A7F875CA195}"
EndProject
Project("{FAE04EC0-301F-11D3-BF4B-00C04F79EFBC}") = "Trupanion.Test.QALib.Enrollment", "..\test.QALib\Trupanion.Test.QALib.Enrollment\Trupanion.Test.QALib.Enrollment.csproj", "{81BDDB16-DEFD-4724-889B-8D8D7CCD5295}"
EndProject
Project("{FAE04EC0-301F-11D3-BF4B-00C04F79EFBC}") = "Trupanion.Billing", "..\Billing\Trupanion.Billing\Trupanion.Billing.csproj", "{5099AF0C-7456-4683-8072-EA01CAC53D29}"
EndProject
Project("{FAE04EC0-301F-11D3-BF4B-00C04F79EFBC}") = "Trupanion.Billing.Adapters.Jobs", "..\Billing\Trupanion.Billing.Adapters.Jobs\Trupanion.Billing.Adapters.Jobs.csproj", "{2A1AC7E3-E221-44FF-9A11-E9FE9E95162A}"
EndProject
Project("{FAE04EC0-301F-11D3-BF4B-00C04F79EFBC}") = "Trupanion.Billing.Events", "..\Billing\Trupanion.Billing.Events\Trupanion.Billing.Events.csproj", "{F807AD76-D972-4BD7-A91B-D387DC8CDE61}"
EndProject
Project("{FAE04EC0-301F-11D3-BF4B-00C04F79EFBC}") = "Trupanion.Billing.Persistence.SqlServer", "..\Billing\Trupanion.Billing.Persistence.SqlServer\Trupanion.Billing.Persistence.SqlServer.csproj", "{63658422-97C3-4E89-8292-B08F2792AE9C}"
EndProject
Project("{FAE04EC0-301F-11D3-BF4B-00C04F79EFBC}") = "Trupanion.Billing.Persistence.Zuora", "..\Billing\Trupanion.Billing.Persistence.Zuora\Trupanion.Billing.Persistence.Zuora.csproj", "{95645B9E-EDE4-4150-8043-C441E0BA2D7F}"
EndProject
Project("{FAE04EC0-301F-11D3-BF4B-00C04F79EFBC}") = "Trupanion.Billing.Util", "..\Billing\Trupanion.Billing.Util\Trupanion.Billing.Util.csproj", "{B72CA306-5A61-4473-B92B-4CEA185D528A}"
EndProject
Project("{FAE04EC0-301F-11D3-BF4B-00C04F79EFBC}") = "Trupanion.Test.QALib.RateCardPricing", "..\test.QALib\Trupanion.Test.QALib.RateCardPricing\Trupanion.Test.QALib.RateCardPricing.csproj", "{BE64CC0F-1106-4869-B944-17A7D569368E}"
EndProject
Project("{FAE04EC0-301F-11D3-BF4B-00C04F79EFBC}") = "Trupanion.Billing.Query", "..\Billing\Trupanion.Billing.Query\Trupanion.Billing.Query.csproj", "{0ED2F42E-20FB-4D0E-9763-BDB27CF4661F}"
EndProject
Project("{FAE04EC0-301F-11D3-BF4B-00C04F79EFBC}") = "Trupanion.Test.QALib.WebServices.Client", "..\test.QALib\Trupanion.Test.QALib.WebServices.Client\Trupanion.Test.QALib.WebServices.Client.csproj", "{4BBE4B13-EEDC-4AE1-B0A6-2FB610A420B2}"
EndProject
Project("{FAE04EC0-301F-11D3-BF4B-00C04F79EFBC}") = "Trupanion.Billing.Test", "Trupanion.Billing.Test\Trupanion.Billing.Test.csproj", "{3C132BAF-4EAB-44C0-B02B-35711D915927}"
EndProject
Project("{FAE04EC0-301F-11D3-BF4B-00C04F79EFBC}") = "EnrollmentTests", "EnrollmentTests\EnrollmentTests.csproj", "{87E1D9D5-A4F4-47B5-A6E1-DC516A9BE64D}"
EndProject
Project("{FAE04EC0-301F-11D3-BF4B-00C04F79EFBC}") = "Trupanion.Billing.Api", "..\Billing\Trupanion.Billing.Api\Trupanion.Billing.Api.csproj", "{8FF50EC8-CB76-4F8C-A643-AC3DB75332EB}"
EndProject
Project("{FAE04EC0-301F-11D3-BF4B-00C04F79EFBC}") = "BillingApiTests", "BillingApiTests\BillingApiTests.csproj", "{1C1A6B82-F9DE-4DA0-BDD8-CC7C162C30AE}"
EndProject
Project("{FAE04EC0-301F-11D3-BF4B-00C04F79EFBC}") = "BillingTestCommon", "BillingTestCommon\BillingTestCommon.csproj", "{FB1204F9-A422-40BB-857E-C05BC3C0AE79}"
EndProject
Project("{FAE04EC0-301F-11D3-BF4B-00C04F79EFBC}") = "Trupanion.Test.QALib.AccountModification", "..\test.QALib\Trupanion.Test.QALib.AccountModification\Trupanion.Test.QALib.AccountModification.csproj", "{2745B157-C16F-4650-BEBC-09AF51A2919C}"
EndProject
Global
	GlobalSection(SolutionConfigurationPlatforms) = preSolution
		Debug|Any CPU = Debug|Any CPU
		DebugLocal|Any CPU = DebugLocal|Any CPU
		Release|Any CPU = Release|Any CPU
	EndGlobalSection
	GlobalSection(ProjectConfigurationPlatforms) = postSolution
		{A19151CA-5425-4436-9041-C6A10BDA31A9}.Debug|Any CPU.ActiveCfg = Debug|Any CPU
		{A19151CA-5425-4436-9041-C6A10BDA31A9}.Debug|Any CPU.Build.0 = Debug|Any CPU
		{A19151CA-5425-4436-9041-C6A10BDA31A9}.DebugLocal|Any CPU.ActiveCfg = DebugLocal|Any CPU
		{A19151CA-5425-4436-9041-C6A10BDA31A9}.DebugLocal|Any CPU.Build.0 = DebugLocal|Any CPU
		{A19151CA-5425-4436-9041-C6A10BDA31A9}.Release|Any CPU.ActiveCfg = Release|Any CPU
		{A19151CA-5425-4436-9041-C6A10BDA31A9}.Release|Any CPU.Build.0 = Release|Any CPU
		{65259E4F-E04F-4FED-9651-5941118AD58C}.Debug|Any CPU.ActiveCfg = Debug|Any CPU
		{65259E4F-E04F-4FED-9651-5941118AD58C}.Debug|Any CPU.Build.0 = Debug|Any CPU
		{65259E4F-E04F-4FED-9651-5941118AD58C}.DebugLocal|Any CPU.ActiveCfg = Debug|Any CPU
		{65259E4F-E04F-4FED-9651-5941118AD58C}.DebugLocal|Any CPU.Build.0 = Debug|Any CPU
		{65259E4F-E04F-4FED-9651-5941118AD58C}.Release|Any CPU.ActiveCfg = Release|Any CPU
		{65259E4F-E04F-4FED-9651-5941118AD58C}.Release|Any CPU.Build.0 = Release|Any CPU
		{45DF8E48-4C1C-4965-A81E-A5B2E4BA090C}.Debug|Any CPU.ActiveCfg = Debug|Any CPU
		{45DF8E48-4C1C-4965-A81E-A5B2E4BA090C}.Debug|Any CPU.Build.0 = Debug|Any CPU
		{45DF8E48-4C1C-4965-A81E-A5B2E4BA090C}.DebugLocal|Any CPU.ActiveCfg = DebugLocal|Any CPU
		{45DF8E48-4C1C-4965-A81E-A5B2E4BA090C}.DebugLocal|Any CPU.Build.0 = DebugLocal|Any CPU
		{45DF8E48-4C1C-4965-A81E-A5B2E4BA090C}.Release|Any CPU.ActiveCfg = Release|Any CPU
		{45DF8E48-4C1C-4965-A81E-A5B2E4BA090C}.Release|Any CPU.Build.0 = Release|Any CPU
		{32888EA3-D095-4722-A107-5CCC0640479B}.Debug|Any CPU.ActiveCfg = Debug|Any CPU
		{32888EA3-D095-4722-A107-5CCC0640479B}.Debug|Any CPU.Build.0 = Debug|Any CPU
		{32888EA3-D095-4722-A107-5CCC0640479B}.DebugLocal|Any CPU.ActiveCfg = Debug|Any CPU
		{32888EA3-D095-4722-A107-5CCC0640479B}.DebugLocal|Any CPU.Build.0 = Debug|Any CPU
		{32888EA3-D095-4722-A107-5CCC0640479B}.Release|Any CPU.ActiveCfg = Release|Any CPU
		{32888EA3-D095-4722-A107-5CCC0640479B}.Release|Any CPU.Build.0 = Release|Any CPU
		{495A66FA-0A69-4E20-A784-CEED0AE1249C}.Debug|Any CPU.ActiveCfg = Debug|Any CPU
		{495A66FA-0A69-4E20-A784-CEED0AE1249C}.Debug|Any CPU.Build.0 = Debug|Any CPU
		{495A66FA-0A69-4E20-A784-CEED0AE1249C}.DebugLocal|Any CPU.ActiveCfg = DebugLocal|Any CPU
		{495A66FA-0A69-4E20-A784-CEED0AE1249C}.DebugLocal|Any CPU.Build.0 = DebugLocal|Any CPU
		{495A66FA-0A69-4E20-A784-CEED0AE1249C}.Release|Any CPU.ActiveCfg = Release|Any CPU
		{495A66FA-0A69-4E20-A784-CEED0AE1249C}.Release|Any CPU.Build.0 = Release|Any CPU
		{48C3D0FB-A14C-42EB-A50A-89261D748921}.Debug|Any CPU.ActiveCfg = Debug|Any CPU
		{48C3D0FB-A14C-42EB-A50A-89261D748921}.Debug|Any CPU.Build.0 = Debug|Any CPU
		{48C3D0FB-A14C-42EB-A50A-89261D748921}.DebugLocal|Any CPU.ActiveCfg = DebugLocal|Any CPU
		{48C3D0FB-A14C-42EB-A50A-89261D748921}.DebugLocal|Any CPU.Build.0 = DebugLocal|Any CPU
		{48C3D0FB-A14C-42EB-A50A-89261D748921}.Release|Any CPU.ActiveCfg = Release|Any CPU
		{48C3D0FB-A14C-42EB-A50A-89261D748921}.Release|Any CPU.Build.0 = Release|Any CPU
		{ECE50120-2DB4-47E9-8478-4A7F875CA195}.Debug|Any CPU.ActiveCfg = Debug|Any CPU
		{ECE50120-2DB4-47E9-8478-4A7F875CA195}.Debug|Any CPU.Build.0 = Debug|Any CPU
		{ECE50120-2DB4-47E9-8478-4A7F875CA195}.DebugLocal|Any CPU.ActiveCfg = DebugLocal|Any CPU
		{ECE50120-2DB4-47E9-8478-4A7F875CA195}.DebugLocal|Any CPU.Build.0 = DebugLocal|Any CPU
		{ECE50120-2DB4-47E9-8478-4A7F875CA195}.Release|Any CPU.ActiveCfg = Release|Any CPU
		{ECE50120-2DB4-47E9-8478-4A7F875CA195}.Release|Any CPU.Build.0 = Release|Any CPU
		{81BDDB16-DEFD-4724-889B-8D8D7CCD5295}.Debug|Any CPU.ActiveCfg = Debug|Any CPU
		{81BDDB16-DEFD-4724-889B-8D8D7CCD5295}.Debug|Any CPU.Build.0 = Debug|Any CPU
		{81BDDB16-DEFD-4724-889B-8D8D7CCD5295}.DebugLocal|Any CPU.ActiveCfg = DebugLocal|Any CPU
		{81BDDB16-DEFD-4724-889B-8D8D7CCD5295}.DebugLocal|Any CPU.Build.0 = DebugLocal|Any CPU
		{81BDDB16-DEFD-4724-889B-8D8D7CCD5295}.Release|Any CPU.ActiveCfg = Release|Any CPU
		{81BDDB16-DEFD-4724-889B-8D8D7CCD5295}.Release|Any CPU.Build.0 = Release|Any CPU
		{5099AF0C-7456-4683-8072-EA01CAC53D29}.Debug|Any CPU.ActiveCfg = Debug|Any CPU
		{5099AF0C-7456-4683-8072-EA01CAC53D29}.Debug|Any CPU.Build.0 = Debug|Any CPU
		{5099AF0C-7456-4683-8072-EA01CAC53D29}.DebugLocal|Any CPU.ActiveCfg = Debug|Any CPU
		{5099AF0C-7456-4683-8072-EA01CAC53D29}.DebugLocal|Any CPU.Build.0 = Debug|Any CPU
		{5099AF0C-7456-4683-8072-EA01CAC53D29}.Release|Any CPU.ActiveCfg = Release|Any CPU
		{5099AF0C-7456-4683-8072-EA01CAC53D29}.Release|Any CPU.Build.0 = Release|Any CPU
		{2A1AC7E3-E221-44FF-9A11-E9FE9E95162A}.Debug|Any CPU.ActiveCfg = Debug|Any CPU
		{2A1AC7E3-E221-44FF-9A11-E9FE9E95162A}.Debug|Any CPU.Build.0 = Debug|Any CPU
		{2A1AC7E3-E221-44FF-9A11-E9FE9E95162A}.DebugLocal|Any CPU.ActiveCfg = Debug|Any CPU
		{2A1AC7E3-E221-44FF-9A11-E9FE9E95162A}.DebugLocal|Any CPU.Build.0 = Debug|Any CPU
		{2A1AC7E3-E221-44FF-9A11-E9FE9E95162A}.Release|Any CPU.ActiveCfg = Release|Any CPU
		{2A1AC7E3-E221-44FF-9A11-E9FE9E95162A}.Release|Any CPU.Build.0 = Release|Any CPU
		{F807AD76-D972-4BD7-A91B-D387DC8CDE61}.Debug|Any CPU.ActiveCfg = Debug|Any CPU
		{F807AD76-D972-4BD7-A91B-D387DC8CDE61}.Debug|Any CPU.Build.0 = Debug|Any CPU
		{F807AD76-D972-4BD7-A91B-D387DC8CDE61}.DebugLocal|Any CPU.ActiveCfg = Debug|Any CPU
		{F807AD76-D972-4BD7-A91B-D387DC8CDE61}.DebugLocal|Any CPU.Build.0 = Debug|Any CPU
		{F807AD76-D972-4BD7-A91B-D387DC8CDE61}.Release|Any CPU.ActiveCfg = Release|Any CPU
		{F807AD76-D972-4BD7-A91B-D387DC8CDE61}.Release|Any CPU.Build.0 = Release|Any CPU
		{63658422-97C3-4E89-8292-B08F2792AE9C}.Debug|Any CPU.ActiveCfg = Debug|Any CPU
		{63658422-97C3-4E89-8292-B08F2792AE9C}.Debug|Any CPU.Build.0 = Debug|Any CPU
		{63658422-97C3-4E89-8292-B08F2792AE9C}.DebugLocal|Any CPU.ActiveCfg = Debug|Any CPU
		{63658422-97C3-4E89-8292-B08F2792AE9C}.DebugLocal|Any CPU.Build.0 = Debug|Any CPU
		{63658422-97C3-4E89-8292-B08F2792AE9C}.Release|Any CPU.ActiveCfg = Release|Any CPU
		{63658422-97C3-4E89-8292-B08F2792AE9C}.Release|Any CPU.Build.0 = Release|Any CPU
		{95645B9E-EDE4-4150-8043-C441E0BA2D7F}.Debug|Any CPU.ActiveCfg = Debug|Any CPU
		{95645B9E-EDE4-4150-8043-C441E0BA2D7F}.Debug|Any CPU.Build.0 = Debug|Any CPU
		{95645B9E-EDE4-4150-8043-C441E0BA2D7F}.DebugLocal|Any CPU.ActiveCfg = Debug|Any CPU
		{95645B9E-EDE4-4150-8043-C441E0BA2D7F}.DebugLocal|Any CPU.Build.0 = Debug|Any CPU
		{95645B9E-EDE4-4150-8043-C441E0BA2D7F}.Release|Any CPU.ActiveCfg = Release|Any CPU
		{95645B9E-EDE4-4150-8043-C441E0BA2D7F}.Release|Any CPU.Build.0 = Release|Any CPU
		{B72CA306-5A61-4473-B92B-4CEA185D528A}.Debug|Any CPU.ActiveCfg = Debug|Any CPU
		{B72CA306-5A61-4473-B92B-4CEA185D528A}.Debug|Any CPU.Build.0 = Debug|Any CPU
		{B72CA306-5A61-4473-B92B-4CEA185D528A}.DebugLocal|Any CPU.ActiveCfg = Debug|Any CPU
		{B72CA306-5A61-4473-B92B-4CEA185D528A}.DebugLocal|Any CPU.Build.0 = Debug|Any CPU
		{B72CA306-5A61-4473-B92B-4CEA185D528A}.Release|Any CPU.ActiveCfg = Release|Any CPU
		{B72CA306-5A61-4473-B92B-4CEA185D528A}.Release|Any CPU.Build.0 = Release|Any CPU
		{BE64CC0F-1106-4869-B944-17A7D569368E}.Debug|Any CPU.ActiveCfg = Debug|Any CPU
		{BE64CC0F-1106-4869-B944-17A7D569368E}.Debug|Any CPU.Build.0 = Debug|Any CPU
		{BE64CC0F-1106-4869-B944-17A7D569368E}.DebugLocal|Any CPU.ActiveCfg = DebugLocal|Any CPU
		{BE64CC0F-1106-4869-B944-17A7D569368E}.DebugLocal|Any CPU.Build.0 = DebugLocal|Any CPU
		{BE64CC0F-1106-4869-B944-17A7D569368E}.Release|Any CPU.ActiveCfg = Release|Any CPU
		{BE64CC0F-1106-4869-B944-17A7D569368E}.Release|Any CPU.Build.0 = Release|Any CPU
		{0ED2F42E-20FB-4D0E-9763-BDB27CF4661F}.Debug|Any CPU.ActiveCfg = Debug|Any CPU
		{0ED2F42E-20FB-4D0E-9763-BDB27CF4661F}.Debug|Any CPU.Build.0 = Debug|Any CPU
		{0ED2F42E-20FB-4D0E-9763-BDB27CF4661F}.DebugLocal|Any CPU.ActiveCfg = Debug|Any CPU
		{0ED2F42E-20FB-4D0E-9763-BDB27CF4661F}.DebugLocal|Any CPU.Build.0 = Debug|Any CPU
		{0ED2F42E-20FB-4D0E-9763-BDB27CF4661F}.Release|Any CPU.ActiveCfg = Release|Any CPU
		{0ED2F42E-20FB-4D0E-9763-BDB27CF4661F}.Release|Any CPU.Build.0 = Release|Any CPU
		{4BBE4B13-EEDC-4AE1-B0A6-2FB610A420B2}.Debug|Any CPU.ActiveCfg = Debug|Any CPU
		{4BBE4B13-EEDC-4AE1-B0A6-2FB610A420B2}.Debug|Any CPU.Build.0 = Debug|Any CPU
		{4BBE4B13-EEDC-4AE1-B0A6-2FB610A420B2}.DebugLocal|Any CPU.ActiveCfg = DebugLocal|Any CPU
		{4BBE4B13-EEDC-4AE1-B0A6-2FB610A420B2}.DebugLocal|Any CPU.Build.0 = DebugLocal|Any CPU
		{4BBE4B13-EEDC-4AE1-B0A6-2FB610A420B2}.Release|Any CPU.ActiveCfg = Release|Any CPU
		{4BBE4B13-EEDC-4AE1-B0A6-2FB610A420B2}.Release|Any CPU.Build.0 = Release|Any CPU
		{3C132BAF-4EAB-44C0-B02B-35711D915927}.Debug|Any CPU.ActiveCfg = Debug|Any CPU
		{3C132BAF-4EAB-44C0-B02B-35711D915927}.Debug|Any CPU.Build.0 = Debug|Any CPU
		{3C132BAF-4EAB-44C0-B02B-35711D915927}.DebugLocal|Any CPU.ActiveCfg = Debug|Any CPU
		{3C132BAF-4EAB-44C0-B02B-35711D915927}.DebugLocal|Any CPU.Build.0 = Debug|Any CPU
		{3C132BAF-4EAB-44C0-B02B-35711D915927}.Release|Any CPU.ActiveCfg = Release|Any CPU
		{3C132BAF-4EAB-44C0-B02B-35711D915927}.Release|Any CPU.Build.0 = Release|Any CPU
		{87E1D9D5-A4F4-47B5-A6E1-DC516A9BE64D}.Debug|Any CPU.ActiveCfg = Debug|Any CPU
		{87E1D9D5-A4F4-47B5-A6E1-DC516A9BE64D}.Debug|Any CPU.Build.0 = Debug|Any CPU
		{87E1D9D5-A4F4-47B5-A6E1-DC516A9BE64D}.DebugLocal|Any CPU.ActiveCfg = Debug|Any CPU
		{87E1D9D5-A4F4-47B5-A6E1-DC516A9BE64D}.DebugLocal|Any CPU.Build.0 = Debug|Any CPU
		{87E1D9D5-A4F4-47B5-A6E1-DC516A9BE64D}.Release|Any CPU.ActiveCfg = Release|Any CPU
		{87E1D9D5-A4F4-47B5-A6E1-DC516A9BE64D}.Release|Any CPU.Build.0 = Release|Any CPU
		{8FF50EC8-CB76-4F8C-A643-AC3DB75332EB}.Debug|Any CPU.ActiveCfg = Debug|Any CPU
		{8FF50EC8-CB76-4F8C-A643-AC3DB75332EB}.Debug|Any CPU.Build.0 = Debug|Any CPU
		{8FF50EC8-CB76-4F8C-A643-AC3DB75332EB}.DebugLocal|Any CPU.ActiveCfg = Debug|Any CPU
		{8FF50EC8-CB76-4F8C-A643-AC3DB75332EB}.DebugLocal|Any CPU.Build.0 = Debug|Any CPU
		{8FF50EC8-CB76-4F8C-A643-AC3DB75332EB}.Release|Any CPU.ActiveCfg = Release|Any CPU
		{8FF50EC8-CB76-4F8C-A643-AC3DB75332EB}.Release|Any CPU.Build.0 = Release|Any CPU
		{1C1A6B82-F9DE-4DA0-BDD8-CC7C162C30AE}.Debug|Any CPU.ActiveCfg = Debug|Any CPU
		{1C1A6B82-F9DE-4DA0-BDD8-CC7C162C30AE}.Debug|Any CPU.Build.0 = Debug|Any CPU
		{1C1A6B82-F9DE-4DA0-BDD8-CC7C162C30AE}.DebugLocal|Any CPU.ActiveCfg = Debug|Any CPU
		{1C1A6B82-F9DE-4DA0-BDD8-CC7C162C30AE}.DebugLocal|Any CPU.Build.0 = Debug|Any CPU
		{1C1A6B82-F9DE-4DA0-BDD8-CC7C162C30AE}.Release|Any CPU.ActiveCfg = Release|Any CPU
		{1C1A6B82-F9DE-4DA0-BDD8-CC7C162C30AE}.Release|Any CPU.Build.0 = Release|Any CPU
		{FB1204F9-A422-40BB-857E-C05BC3C0AE79}.Debug|Any CPU.ActiveCfg = Debug|Any CPU
		{FB1204F9-A422-40BB-857E-C05BC3C0AE79}.Debug|Any CPU.Build.0 = Debug|Any CPU
		{FB1204F9-A422-40BB-857E-C05BC3C0AE79}.DebugLocal|Any CPU.ActiveCfg = Debug|Any CPU
		{FB1204F9-A422-40BB-857E-C05BC3C0AE79}.DebugLocal|Any CPU.Build.0 = Debug|Any CPU
		{FB1204F9-A422-40BB-857E-C05BC3C0AE79}.Release|Any CPU.ActiveCfg = Release|Any CPU
		{FB1204F9-A422-40BB-857E-C05BC3C0AE79}.Release|Any CPU.Build.0 = Release|Any CPU
		{2745B157-C16F-4650-BEBC-09AF51A2919C}.Debug|Any CPU.ActiveCfg = Debug|Any CPU
		{2745B157-C16F-4650-BEBC-09AF51A2919C}.Debug|Any CPU.Build.0 = Debug|Any CPU
		{2745B157-C16F-4650-BEBC-09AF51A2919C}.DebugLocal|Any CPU.ActiveCfg = DebugLocal|Any CPU
		{2745B157-C16F-4650-BEBC-09AF51A2919C}.DebugLocal|Any CPU.Build.0 = DebugLocal|Any CPU
		{2745B157-C16F-4650-BEBC-09AF51A2919C}.Release|Any CPU.ActiveCfg = Release|Any CPU
		{2745B157-C16F-4650-BEBC-09AF51A2919C}.Release|Any CPU.Build.0 = Release|Any CPU
	EndGlobalSection
	GlobalSection(SolutionProperties) = preSolution
		HideSolutionNode = FALSE
	EndGlobalSection
	GlobalSection(NestedProjects) = preSolution
		{623167E2-0A7B-416B-A95C-B57582E8FC81} = {895265F8-9AC7-4ABE-B028-8DBB0766EF29}
		{A19151CA-5425-4436-9041-C6A10BDA31A9} = {623167E2-0A7B-416B-A95C-B57582E8FC81}
		{047B12FA-0DF2-4560-8CC9-0A72F9FCC594} = {895265F8-9AC7-4ABE-B028-8DBB0766EF29}
		{65259E4F-E04F-4FED-9651-5941118AD58C} = {047B12FA-0DF2-4560-8CC9-0A72F9FCC594}
		{45DF8E48-4C1C-4965-A81E-A5B2E4BA090C} = {623167E2-0A7B-416B-A95C-B57582E8FC81}
		{32888EA3-D095-4722-A107-5CCC0640479B} = {047B12FA-0DF2-4560-8CC9-0A72F9FCC594}
		{495A66FA-0A69-4E20-A784-CEED0AE1249C} = {623167E2-0A7B-416B-A95C-B57582E8FC81}
		{48C3D0FB-A14C-42EB-A50A-89261D748921} = {623167E2-0A7B-416B-A95C-B57582E8FC81}
		{ECE50120-2DB4-47E9-8478-4A7F875CA195} = {623167E2-0A7B-416B-A95C-B57582E8FC81}
		{81BDDB16-DEFD-4724-889B-8D8D7CCD5295} = {623167E2-0A7B-416B-A95C-B57582E8FC81}
		{5099AF0C-7456-4683-8072-EA01CAC53D29} = {047B12FA-0DF2-4560-8CC9-0A72F9FCC594}
		{2A1AC7E3-E221-44FF-9A11-E9FE9E95162A} = {047B12FA-0DF2-4560-8CC9-0A72F9FCC594}
		{F807AD76-D972-4BD7-A91B-D387DC8CDE61} = {047B12FA-0DF2-4560-8CC9-0A72F9FCC594}
		{63658422-97C3-4E89-8292-B08F2792AE9C} = {047B12FA-0DF2-4560-8CC9-0A72F9FCC594}
		{95645B9E-EDE4-4150-8043-C441E0BA2D7F} = {047B12FA-0DF2-4560-8CC9-0A72F9FCC594}
		{B72CA306-5A61-4473-B92B-4CEA185D528A} = {047B12FA-0DF2-4560-8CC9-0A72F9FCC594}
		{BE64CC0F-1106-4869-B944-17A7D569368E} = {623167E2-0A7B-416B-A95C-B57582E8FC81}
		{0ED2F42E-20FB-4D0E-9763-BDB27CF4661F} = {047B12FA-0DF2-4560-8CC9-0A72F9FCC594}
		{4BBE4B13-EEDC-4AE1-B0A6-2FB610A420B2} = {623167E2-0A7B-416B-A95C-B57582E8FC81}
		{87E1D9D5-A4F4-47B5-A6E1-DC516A9BE64D} = {56585FC7-B845-4812-ACB6-2AC65269DE7C}
		{8FF50EC8-CB76-4F8C-A643-AC3DB75332EB} = {047B12FA-0DF2-4560-8CC9-0A72F9FCC594}
		{1C1A6B82-F9DE-4DA0-BDD8-CC7C162C30AE} = {56585FC7-B845-4812-ACB6-2AC65269DE7C}
		{2745B157-C16F-4650-BEBC-09AF51A2919C} = {623167E2-0A7B-416B-A95C-B57582E8FC81}
	EndGlobalSection
	GlobalSection(ExtensibilityGlobals) = postSolution
		SolutionGuid = {312B65C7-A6D6-43AF-B555-DB9E52E4481A}
	EndGlobalSection
EndGlobal
